
Microsoft Visual Studio Solution File, Format Version 12.00
# Visual Studio 14
VisualStudioVersion = 14.0.25420.1
MinimumVisualStudioVersion = 10.0.40219.1
Project("{FAE04EC0-301F-11D3-BF4B-00C04F79EFBC}") = "Zerocool", "Zerocool.csproj", "{7C48795E-6FE0-42C2-A035-BFD8DAF72D43}"
EndProject
Project("{FAE04EC0-301F-11D3-BF4B-00C04F79EFBC}") = "Zerocool.Tests", "..\Zerocool.Tests\Zerocool.Tests.csproj", "{C4615B44-EF0A-45DA-9314-97602B5432D9}"
EndProject
Project("{FAE04EC0-301F-11D3-BF4B-00C04F79EFBC}") = "Zerocool.BasicClient", "..\Zerocool.BasicClient\Zerocool.BasicClient.csproj", "{DED656BF-6DE7-462B-8D2D-007256C08987}"
EndProject
Global
	GlobalSection(SolutionConfigurationPlatforms) = preSolution
		Debug|Any CPU = Debug|Any CPU
		Release|Any CPU = Release|Any CPU
	EndGlobalSection
	GlobalSection(ProjectConfigurationPlatforms) = postSolution
		{7C48795E-6FE0-42C2-A035-BFD8DAF72D43}.Debug|Any CPU.ActiveCfg = Debug|Any CPU
		{7C48795E-6FE0-42C2-A035-BFD8DAF72D43}.Debug|Any CPU.Build.0 = Debug|Any CPU
		{7C48795E-6FE0-42C2-A035-BFD8DAF72D43}.Release|Any CPU.ActiveCfg = Release|Any CPU
		{7C48795E-6FE0-42C2-A035-BFD8DAF72D43}.Release|Any CPU.Build.0 = Release|Any CPU
		{C4615B44-EF0A-45DA-9314-97602B5432D9}.Debug|Any CPU.ActiveCfg = Debug|Any CPU
		{C4615B44-EF0A-45DA-9314-97602B5432D9}.Debug|Any CPU.Build.0 = Debug|Any CPU
		{C4615B44-EF0A-45DA-9314-97602B5432D9}.Release|Any CPU.ActiveCfg = Release|Any CPU
		{C4615B44-EF0A-45DA-9314-97602B5432D9}.Release|Any CPU.Build.0 = Release|Any CPU
		{DED656BF-6DE7-462B-8D2D-007256C08987}.Debug|Any CPU.ActiveCfg = Debug|Any CPU
		{DED656BF-6DE7-462B-8D2D-007256C08987}.Debug|Any CPU.Build.0 = Debug|Any CPU
		{DED656BF-6DE7-462B-8D2D-007256C08987}.Release|Any CPU.ActiveCfg = Release|Any CPU
		{DED656BF-6DE7-462B-8D2D-007256C08987}.Release|Any CPU.Build.0 = Release|Any CPU
	EndGlobalSection
	GlobalSection(SolutionProperties) = preSolution
		HideSolutionNode = FALSE
	EndGlobalSection
EndGlobal
